speakeasyVersion: 1.796.4
sources:
    Juo-OAS:
        sourceNamespace: fastify-swagger
        sourceRevisionDigest: sha256:b5444fac8aa45913129a1322210e3fdc9c82c536c12689440981e42e0667f0b0
        sourceBlobDigest: sha256:f7d01494fc43359c34c3f1093af18b40eb036e90faf6ccd50fc44c87f4fae164
        tags:
            - latest
targets:
    juo:
        source: Juo-OAS
        sourceNamespace: fastify-swagger
        sourceRevisionDigest: sha256:b5444fac8aa45913129a1322210e3fdc9c82c536c12689440981e42e0667f0b0
        sourceBlobDigest: sha256:f7d01494fc43359c34c3f1093af18b40eb036e90faf6ccd50fc44c87f4fae164
        codeSamplesNamespace: juo-oas-php-code-samples
        codeSamplesRevisionDigest: sha256:8fa9fd9c74af58b17f9e0cb5403fdaa61a0027b1d48d36a2f3a7601c3505ba59
workflow:
    workflowVersion: 1.0.0
    speakeasyVersion: latest
    sources:
        Juo-OAS:
            inputs:
                - location: registry.speakeasyapi.dev/juo/admin-api-8af/fastify-swagger:main
            output: .speakeasy/out.openapi.yaml
            registry:
                location: registry.speakeasyapi.dev/juo/admin-api-8af/juo-oas
    targets:
        juo:
            target: php
            source: Juo-OAS
            publish:
                packagist:
                    username: $packagist_username
                    token: $packagist_token
            codeSamples:
                registry:
                    location: registry.speakeasyapi.dev/juo/admin-api-8af/juo-oas-php-code-samples
                labelOverride:
                    fixedValue: Php (SDK)
                blocking: false
